
Microsoft Visual Studio Solution File, Format Version 12.00
# Visual Studio 15
VisualStudioVersion = 15.0.27130.2027
MinimumVisualStudioVersion = 10.0.40219.1
Project("{FAE04EC0-301F-11D3-BF4B-00C04F79EFBC}") = "ITunEsTooL", "itunesTool\ITunEsTooL.csproj", "{EA34BB3E-331A-4BBC-9507-73924B6C3B03}"
EndProject
Global
	GlobalSection(SolutionConfigurationPlatforms) = preSolution
		Debug|Any CPU = Debug|Any CPU
		Debug|x86 = Debug|x86
		Release|Any CPU = Release|Any CPU
		Release|x86 = Release|x86
	EndGlobalSection
	GlobalSection(ProjectConfigurationPlatforms) = postSolution
		{EA34BB3E-331A-4BBC-9507-73924B6C3B03}.Debug|Any CPU.ActiveCfg = Debug|Any CPU
		{EA34BB3E-331A-4BBC-9507-73924B6C3B03}.Debug|Any CPU.Build.0 = Debug|Any CPU
		{EA34BB3E-331A-4BBC-9507-73924B6C3B03}.Debug|x86.ActiveCfg = Debug|x86
		{EA34BB3E-331A-4BBC-9507-73924B6C3B03}.Debug|x86.Build.0 = Debug|x86
		{EA34BB3E-331A-4BBC-9507-73924B6C3B03}.Release|Any CPU.ActiveCfg = Release|Any CPU
		{EA34BB3E-331A-4BBC-9507-73924B6C3B03}.Release|Any CPU.Build.0 = Release|Any CPU
		{EA34BB3E-331A-4BBC-9507-73924B6C3B03}.Release|x86.ActiveCfg = Release|x86
		{EA34BB3E-331A-4BBC-9507-73924B6C3B03}.Release|x86.Build.0 = Release|x86
	EndGlobalSection
	GlobalSection(SolutionProperties) = preSolution
		HideSolutionNode = FALSE
	EndGlobalSection
	GlobalSection(ExtensibilityGlobals) = postSolution
		SolutionGuid = {9FF3B7C2-44A6-4066-B0C9-9B8C0BA1422F}
	EndGlobalSection
EndGlobal
