
Microsoft Visual Studio Solution File, Format Version 11.00
# Visual C# Express 2010
Project("{FAE04EC0-301F-11D3-BF4B-00C04F79EFBC}") = "ITunEsTooL", "itunesTool\ITunEsTooL.csproj", "{EA34BB3E-331A-4BBC-9507-73924B6C3B03}"
EndProject
Global
	GlobalSection(SolutionConfigurationPlatforms) = preSolution
		Debug|x86 = Debug|x86
		Release|x86 = Release|x86
	EndGlobalSection
	GlobalSection(ProjectConfigurationPlatforms) = postSolution
		{EA34BB3E-331A-4BBC-9507-73924B6C3B03}.Debug|x86.ActiveCfg = Debug|x86
		{EA34BB3E-331A-4BBC-9507-73924B6C3B03}.Debug|x86.Build.0 = Debug|x86
		{EA34BB3E-331A-4BBC-9507-73924B6C3B03}.Release|x86.ActiveCfg = Release|x86
		{EA34BB3E-331A-4BBC-9507-73924B6C3B03}.Release|x86.Build.0 = Release|x86
	EndGlobalSection
	GlobalSection(SolutionProperties) = preSolution
		HideSolutionNode = FALSE
	EndGlobalSection
EndGlobal
